
Microsoft Visual Studio Solution File, Format Version 11.00
# Visual Studio 2010
Project("{FAE04EC0-301F-11D3-BF4B-00C04F79EFBC}") = "GraphDecomposition.HillClimbing", "GraphDecomposition.HillClimbing\GraphDecomposition.HillClimbing.csproj", "{4A3261EE-60A5-4CB2-B30A-BE8FD5A8FBCD}"
EndProject
Project("{FAE04EC0-301F-11D3-BF4B-00C04F79EFBC}") = "GraphDecomposition.Tester", "GraphDecomposition.Tester\GraphDecomposition.Tester.csproj", "{27D500F4-1DD8-4D79-BABC-A9B09DC9BE7A}"
EndProject
Global
	GlobalSection(SolutionConfigurationPlatforms) = preSolution
		Debug|Any CPU = Debug|Any CPU
		Debug|Mixed Platforms = Debug|Mixed Platforms
		Debug|x86 = Debug|x86
		Release|Any CPU = Release|Any CPU
		Release|Mixed Platforms = Release|Mixed Platforms
		Release|x86 = Release|x86
	EndGlobalSection
	GlobalSection(ProjectConfigurationPlatforms) = postSolution
		{4A3261EE-60A5-4CB2-B30A-BE8FD5A8FBCD}.Debug|Any CPU.ActiveCfg = Debug|Any CPU
		{4A3261EE-60A5-4CB2-B30A-BE8FD5A8FBCD}.Debug|Any CPU.Build.0 = Debug|Any CPU
		{4A3261EE-60A5-4CB2-B30A-BE8FD5A8FBCD}.Debug|Mixed Platforms.ActiveCfg = Debug|Any CPU
		{4A3261EE-60A5-4CB2-B30A-BE8FD5A8FBCD}.Debug|Mixed Platforms.Build.0 = Debug|Any CPU
		{4A3261EE-60A5-4CB2-B30A-BE8FD5A8FBCD}.Debug|x86.ActiveCfg = Debug|Any CPU
		{4A3261EE-60A5-4CB2-B30A-BE8FD5A8FBCD}.Release|Any CPU.ActiveCfg = Release|Any CPU
		{4A3261EE-60A5-4CB2-B30A-BE8FD5A8FBCD}.Release|Any CPU.Build.0 = Release|Any CPU
		{4A3261EE-60A5-4CB2-B30A-BE8FD5A8FBCD}.Release|Mixed Platforms.ActiveCfg = Release|Any CPU
		{4A3261EE-60A5-4CB2-B30A-BE8FD5A8FBCD}.Release|Mixed Platforms.Build.0 = Release|Any CPU
		{4A3261EE-60A5-4CB2-B30A-BE8FD5A8FBCD}.Release|x86.ActiveCfg = Release|Any CPU
		{27D500F4-1DD8-4D79-BABC-A9B09DC9BE7A}.Debug|Any CPU.ActiveCfg = Debug|x86
		{27D500F4-1DD8-4D79-BABC-A9B09DC9BE7A}.Debug|Mixed Platforms.ActiveCfg = Debug|x86
		{27D500F4-1DD8-4D79-BABC-A9B09DC9BE7A}.Debug|Mixed Platforms.Build.0 = Debug|x86
		{27D500F4-1DD8-4D79-BABC-A9B09DC9BE7A}.Debug|x86.ActiveCfg = Debug|x86
		{27D500F4-1DD8-4D79-BABC-A9B09DC9BE7A}.Debug|x86.Build.0 = Debug|x86
		{27D500F4-1DD8-4D79-BABC-A9B09DC9BE7A}.Release|Any CPU.ActiveCfg = Release|x86
		{27D500F4-1DD8-4D79-BABC-A9B09DC9BE7A}.Release|Mixed Platforms.ActiveCfg = Release|x86
		{27D500F4-1DD8-4D79-BABC-A9B09DC9BE7A}.Release|Mixed Platforms.Build.0 = Release|x86
		{27D500F4-1DD8-4D79-BABC-A9B09DC9BE7A}.Release|x86.ActiveCfg = Release|x86
		{27D500F4-1DD8-4D79-BABC-A9B09DC9BE7A}.Release|x86.Build.0 = Release|x86
	EndGlobalSection
	GlobalSection(SolutionProperties) = preSolution
		HideSolutionNode = FALSE
	EndGlobalSection
EndGlobal
