
Microsoft Visual Studio Solution File, Format Version 11.00
# Visual Studio 2010
Project("{FAE04EC0-301F-11D3-BF4B-00C04F79EFBC}") = "GraphDecomposition.Algorithms", "GraphDecomposition.Algorithms\GraphDecomposition.Algorithms.csproj", "{DD8686EB-A464-4611-B836-A77256786272}"
EndProject
Project("{FAE04EC0-301F-11D3-BF4B-00C04F79EFBC}") = "GraphDecomposition.Utils", "GraphDecomposition.Utils\GraphDecomposition.Utils.csproj", "{F2CAF9FD-5DDE-42F9-92E1-00504A773CAF}"
EndProject
Project("{FAE04EC0-301F-11D3-BF4B-00C04F79EFBC}") = "GraphDecomposition.GraphElements", "GraphDecomposition.GraphElements\GraphDecomposition.GraphElements.csproj", "{50663050-C076-46AD-8F10-9116B635F7CE}"
EndProject
Project("{FAE04EC0-301F-11D3-BF4B-00C04F79EFBC}") = "GraphDecomposition.Presentation", "GraphDecomposition.Presentation\GraphDecomposition.Presentation.csproj", "{9F152A45-1A0B-4534-9DCB-D0F9A61582E3}"
EndProject
Project("{FAE04EC0-301F-11D3-BF4B-00C04F79EFBC}") = "GraphDecomposition.Interfaces", "GraphDecomposition.Interfaces\GraphDecomposition.Interfaces.csproj", "{10BA61A4-1BE7-4ECF-9A37-1B7C69E7340A}"
EndProject
Project("{54435603-DBB4-11D2-8724-00A0C9A8B90C}") = "GraphDecomposition.Setup", "GraphDecomposition.Setup\GraphDecomposition.Setup.vdproj", "{20BCB255-08E2-4456-A3F9-6B0B271BAB7A}"
	ProjectSection(ProjectDependencies) = postProject
		{50663050-C076-46AD-8F10-9116B635F7CE} = {50663050-C076-46AD-8F10-9116B635F7CE}
		{10BA61A4-1BE7-4ECF-9A37-1B7C69E7340A} = {10BA61A4-1BE7-4ECF-9A37-1B7C69E7340A}
		{DD8686EB-A464-4611-B836-A77256786272} = {DD8686EB-A464-4611-B836-A77256786272}
		{F2CAF9FD-5DDE-42F9-92E1-00504A773CAF} = {F2CAF9FD-5DDE-42F9-92E1-00504A773CAF}
	EndProjectSection
EndProject
Project("{FAE04EC0-301F-11D3-BF4B-00C04F79EFBC}") = "GraphDecomposition.CommandLine", "GraphDecomposition.CommandLine\GraphDecomposition.CommandLine.csproj", "{27D500F4-1DD8-4D79-BABC-A9B09DC9BE7A}"
EndProject
Global
	GlobalSection(SolutionConfigurationPlatforms) = preSolution
		Debug|Any CPU = Debug|Any CPU
		Debug|Mixed Platforms = Debug|Mixed Platforms
		Debug|x86 = Debug|x86
		Release|Any CPU = Release|Any CPU
		Release|Mixed Platforms = Release|Mixed Platforms
		Release|x86 = Release|x86
	EndGlobalSection
	GlobalSection(ProjectConfigurationPlatforms) = postSolution
		{DD8686EB-A464-4611-B836-A77256786272}.Debug|Any CPU.ActiveCfg = Debug|Any CPU
		{DD8686EB-A464-4611-B836-A77256786272}.Debug|Any CPU.Build.0 = Debug|Any CPU
		{DD8686EB-A464-4611-B836-A77256786272}.Debug|Mixed Platforms.ActiveCfg = Debug|Any CPU
		{DD8686EB-A464-4611-B836-A77256786272}.Debug|Mixed Platforms.Build.0 = Debug|Any CPU
		{DD8686EB-A464-4611-B836-A77256786272}.Debug|x86.ActiveCfg = Debug|Any CPU
		{DD8686EB-A464-4611-B836-A77256786272}.Release|Any CPU.ActiveCfg = Release|Any CPU
		{DD8686EB-A464-4611-B836-A77256786272}.Release|Any CPU.Build.0 = Release|Any CPU
		{DD8686EB-A464-4611-B836-A77256786272}.Release|Mixed Platforms.ActiveCfg = Release|Any CPU
		{DD8686EB-A464-4611-B836-A77256786272}.Release|Mixed Platforms.Build.0 = Release|Any CPU
		{DD8686EB-A464-4611-B836-A77256786272}.Release|x86.ActiveCfg = Release|Any CPU
		{F2CAF9FD-5DDE-42F9-92E1-00504A773CAF}.Debug|Any CPU.ActiveCfg = Debug|Any CPU
		{F2CAF9FD-5DDE-42F9-92E1-00504A773CAF}.Debug|Any CPU.Build.0 = Debug|Any CPU
		{F2CAF9FD-5DDE-42F9-92E1-00504A773CAF}.Debug|Mixed Platforms.ActiveCfg = Debug|Any CPU
		{F2CAF9FD-5DDE-42F9-92E1-00504A773CAF}.Debug|Mixed Platforms.Build.0 = Debug|Any CPU
		{F2CAF9FD-5DDE-42F9-92E1-00504A773CAF}.Debug|x86.ActiveCfg = Debug|Any CPU
		{F2CAF9FD-5DDE-42F9-92E1-00504A773CAF}.Release|Any CPU.ActiveCfg = Release|Any CPU
		{F2CAF9FD-5DDE-42F9-92E1-00504A773CAF}.Release|Any CPU.Build.0 = Release|Any CPU
		{F2CAF9FD-5DDE-42F9-92E1-00504A773CAF}.Release|Mixed Platforms.ActiveCfg = Release|Any CPU
		{F2CAF9FD-5DDE-42F9-92E1-00504A773CAF}.Release|Mixed Platforms.Build.0 = Release|Any CPU
		{F2CAF9FD-5DDE-42F9-92E1-00504A773CAF}.Release|x86.ActiveCfg = Release|Any CPU
		{50663050-C076-46AD-8F10-9116B635F7CE}.Debug|Any CPU.ActiveCfg = Debug|Any CPU
		{50663050-C076-46AD-8F10-9116B635F7CE}.Debug|Any CPU.Build.0 = Debug|Any CPU
		{50663050-C076-46AD-8F10-9116B635F7CE}.Debug|Mixed Platforms.ActiveCfg = Debug|Any CPU
		{50663050-C076-46AD-8F10-9116B635F7CE}.Debug|Mixed Platforms.Build.0 = Debug|Any CPU
		{50663050-C076-46AD-8F10-9116B635F7CE}.Debug|x86.ActiveCfg = Debug|Any CPU
		{50663050-C076-46AD-8F10-9116B635F7CE}.Release|Any CPU.ActiveCfg = Release|Any CPU
		{50663050-C076-46AD-8F10-9116B635F7CE}.Release|Any CPU.Build.0 = Release|Any CPU
		{50663050-C076-46AD-8F10-9116B635F7CE}.Release|Mixed Platforms.ActiveCfg = Release|Any CPU
		{50663050-C076-46AD-8F10-9116B635F7CE}.Release|Mixed Platforms.Build.0 = Release|Any CPU
		{50663050-C076-46AD-8F10-9116B635F7CE}.Release|x86.ActiveCfg = Release|Any CPU
		{9F152A45-1A0B-4534-9DCB-D0F9A61582E3}.Debug|Any CPU.ActiveCfg = Debug|Any CPU
		{9F152A45-1A0B-4534-9DCB-D0F9A61582E3}.Debug|Any CPU.Build.0 = Debug|Any CPU
		{9F152A45-1A0B-4534-9DCB-D0F9A61582E3}.Debug|Mixed Platforms.ActiveCfg = Debug|Any CPU
		{9F152A45-1A0B-4534-9DCB-D0F9A61582E3}.Debug|Mixed Platforms.Build.0 = Debug|Any CPU
		{9F152A45-1A0B-4534-9DCB-D0F9A61582E3}.Debug|x86.ActiveCfg = Debug|Any CPU
		{9F152A45-1A0B-4534-9DCB-D0F9A61582E3}.Release|Any CPU.ActiveCfg = Release|Any CPU
		{9F152A45-1A0B-4534-9DCB-D0F9A61582E3}.Release|Any CPU.Build.0 = Release|Any CPU
		{9F152A45-1A0B-4534-9DCB-D0F9A61582E3}.Release|Mixed Platforms.ActiveCfg = Release|Any CPU
		{9F152A45-1A0B-4534-9DCB-D0F9A61582E3}.Release|Mixed Platforms.Build.0 = Release|Any CPU
		{9F152A45-1A0B-4534-9DCB-D0F9A61582E3}.Release|x86.ActiveCfg = Release|Any CPU
		{10BA61A4-1BE7-4ECF-9A37-1B7C69E7340A}.Debug|Any CPU.ActiveCfg = Debug|Any CPU
		{10BA61A4-1BE7-4ECF-9A37-1B7C69E7340A}.Debug|Any CPU.Build.0 = Debug|Any CPU
		{10BA61A4-1BE7-4ECF-9A37-1B7C69E7340A}.Debug|Mixed Platforms.ActiveCfg = Debug|Any CPU
		{10BA61A4-1BE7-4ECF-9A37-1B7C69E7340A}.Debug|Mixed Platforms.Build.0 = Debug|Any CPU
		{10BA61A4-1BE7-4ECF-9A37-1B7C69E7340A}.Debug|x86.ActiveCfg = Debug|Any CPU
		{10BA61A4-1BE7-4ECF-9A37-1B7C69E7340A}.Release|Any CPU.ActiveCfg = Release|Any CPU
		{10BA61A4-1BE7-4ECF-9A37-1B7C69E7340A}.Release|Any CPU.Build.0 = Release|Any CPU
		{10BA61A4-1BE7-4ECF-9A37-1B7C69E7340A}.Release|Mixed Platforms.ActiveCfg = Release|Any CPU
		{10BA61A4-1BE7-4ECF-9A37-1B7C69E7340A}.Release|Mixed Platforms.Build.0 = Release|Any CPU
		{10BA61A4-1BE7-4ECF-9A37-1B7C69E7340A}.Release|x86.ActiveCfg = Release|Any CPU
		{20BCB255-08E2-4456-A3F9-6B0B271BAB7A}.Debug|Any CPU.ActiveCfg = Debug
		{20BCB255-08E2-4456-A3F9-6B0B271BAB7A}.Debug|Mixed Platforms.ActiveCfg = Debug
		{20BCB255-08E2-4456-A3F9-6B0B271BAB7A}.Debug|x86.ActiveCfg = Debug
		{20BCB255-08E2-4456-A3F9-6B0B271BAB7A}.Release|Any CPU.ActiveCfg = Release
		{20BCB255-08E2-4456-A3F9-6B0B271BAB7A}.Release|Mixed Platforms.ActiveCfg = Release
		{20BCB255-08E2-4456-A3F9-6B0B271BAB7A}.Release|x86.ActiveCfg = Release
		{27D500F4-1DD8-4D79-BABC-A9B09DC9BE7A}.Debug|Any CPU.ActiveCfg = Debug|x86
		{27D500F4-1DD8-4D79-BABC-A9B09DC9BE7A}.Debug|Mixed Platforms.ActiveCfg = Debug|x86
		{27D500F4-1DD8-4D79-BABC-A9B09DC9BE7A}.Debug|Mixed Platforms.Build.0 = Debug|x86
		{27D500F4-1DD8-4D79-BABC-A9B09DC9BE7A}.Debug|x86.ActiveCfg = Debug|x86
		{27D500F4-1DD8-4D79-BABC-A9B09DC9BE7A}.Debug|x86.Build.0 = Debug|x86
		{27D500F4-1DD8-4D79-BABC-A9B09DC9BE7A}.Release|Any CPU.ActiveCfg = Release|x86
		{27D500F4-1DD8-4D79-BABC-A9B09DC9BE7A}.Release|Mixed Platforms.ActiveCfg = Release|x86
		{27D500F4-1DD8-4D79-BABC-A9B09DC9BE7A}.Release|Mixed Platforms.Build.0 = Release|x86
		{27D500F4-1DD8-4D79-BABC-A9B09DC9BE7A}.Release|x86.ActiveCfg = Release|x86
		{27D500F4-1DD8-4D79-BABC-A9B09DC9BE7A}.Release|x86.Build.0 = Release|x86
	EndGlobalSection
	GlobalSection(SolutionProperties) = preSolution
		HideSolutionNode = FALSE
	EndGlobalSection
EndGlobal
