
Microsoft Visual Studio Solution File, Format Version 11.00
# Visual Studio 2010
Project("{FAE04EC0-301F-11D3-BF4B-00C04F79EFBC}") = "GraphDesignLibrary", "GraphDesignLibrary\GraphDesignLibrary.csproj", "{889378F4-85F3-4757-9C90-BD5CECAC2FFE}"
EndProject
Project("{FAE04EC0-301F-11D3-BF4B-00C04F79EFBC}") = "GraphPresentation", "GraphPresentation\GraphPresentation.csproj", "{9F152A45-1A0B-4534-9DCB-D0F9A61582E3}"
EndProject
Global
	GlobalSection(SolutionConfigurationPlatforms) = preSolution
		Debug|Any CPU = Debug|Any CPU
		Release|Any CPU = Release|Any CPU
	EndGlobalSection
	GlobalSection(ProjectConfigurationPlatforms) = postSolution
		{889378F4-85F3-4757-9C90-BD5CECAC2FFE}.Debug|Any CPU.ActiveCfg = Debug|Any CPU
		{889378F4-85F3-4757-9C90-BD5CECAC2FFE}.Debug|Any CPU.Build.0 = Debug|Any CPU
		{889378F4-85F3-4757-9C90-BD5CECAC2FFE}.Release|Any CPU.ActiveCfg = Release|Any CPU
		{889378F4-85F3-4757-9C90-BD5CECAC2FFE}.Release|Any CPU.Build.0 = Release|Any CPU
		{9F152A45-1A0B-4534-9DCB-D0F9A61582E3}.Debug|Any CPU.ActiveCfg = Debug|Any CPU
		{9F152A45-1A0B-4534-9DCB-D0F9A61582E3}.Debug|Any CPU.Build.0 = Debug|Any CPU
		{9F152A45-1A0B-4534-9DCB-D0F9A61582E3}.Release|Any CPU.ActiveCfg = Release|Any CPU
		{9F152A45-1A0B-4534-9DCB-D0F9A61582E3}.Release|Any CPU.Build.0 = Release|Any CPU
	EndGlobalSection
	GlobalSection(SolutionProperties) = preSolution
		HideSolutionNode = FALSE
	EndGlobalSection
EndGlobal
